// !$*UTF8*$!
{
	archiveVersion = 1;
	classes = {
	};
	objectVersion = 56;
	objects = {

/* Begin PBXBuildFile section */
		5D31BF952E2BD6F3007699A8 /* Assets.xcassets in Resources */ = {isa = PBXBuildFile; fileRef = 5D31BF942E2BD6F3007699A8 /* Assets.xcassets */; };
		5D31BF982E2BD6F3007699A8 /* Preview Assets.xcassets in Resources */ = {isa = PBXBuildFile; fileRef = 5D31BF972E2BD6F3007699A8 /* Preview Assets.xcassets */; };
		5D77DE5C2E2C8816000C6058 /* ImageIO.framework in Frameworks */ = {isa = PBXBuildFile; fileRef = 5D77DE5B2E2C8816000C6058 /* ImageIO.framework */; };
		5D77DE922E2CDF79000C6058 /* CoreFoundation.framework in Frameworks */ = {isa = PBXBuildFile; fileRef = 5D77DE912E2CDF79000C6058 /* CoreFoundation.framework */; };
		5D77DE992E2CEBB6000C6058 /* FuzzerMainBridge.c in Sources */ = {isa = PBXBuildFile; fileRef = 5D31CBB72E2BE03E007699A8 /* FuzzerMainBridge.c */; };
		5D77DE9A2E2CEBBE000C6058 /* common.c in Sources */ = {isa = PBXBuildFile; fileRef = 5D77DE412E2C3556000C6058 /* common.c */; };
		5D77DE9C2E2CED38000C6058 /* harness_imtranscoder.c in Sources */ = {isa = PBXBuildFile; fileRef = 5D77DE432E2C357A000C6058 /* harness_imtranscoder.c */; };
		5D77DEA12E2CEFFE000C6058 /* PathHelper.m in Sources */ = {isa = PBXBuildFile; fileRef = 5D77DEA02E2CEFFE000C6058 /* PathHelper.m */; };
		5DB5B1272E2D5D57003CDCF3 /* corpus in Resources */ = {isa = PBXBuildFile; fileRef = 5DB5B1262E2D5D57003CDCF3 /* corpus */; };
		5DB5B1292E2D7708003CDCF3 /* FuzzerEngine.swift in Sources */ = {isa = PBXBuildFile; fileRef = 5DB5B1282E2D7708003CDCF3 /* FuzzerEngine.swift */; };
/* End PBXBuildFile section */

/* Begin PBXFileReference section */
		5D31BF8D2E2BD6F1007699A8 /* SandboxFuzzer.app */ = {isa = PBXFileReference; explicitFileType = wrapper.application; includeInIndex = 0; path = SandboxFuzzer.app; sourceTree = BUILT_PRODUCTS_DIR; };
		5D31BF902E2BD6F1007699A8 /* SandboxFuzzerApp.swift */ = {isa = PBXFileReference; lastKnownFileType = sourcecode.swift; path = SandboxFuzzerApp.swift; sourceTree = "<group>"; };
		5D31BF922E2BD6F1007699A8 /* ContentView.swift */ = {isa = PBXFileReference; lastKnownFileType = sourcecode.swift; path = ContentView.swift; sourceTree = "<group>"; };
		5D31BF942E2BD6F3007699A8 /* Assets.xcassets */ = {isa = PBXFileReference; lastKnownFileType = folder.assetcatalog; path = Assets.xcassets; sourceTree = "<group>"; };
		5D31BF972E2BD6F3007699A8 /* Preview Assets.xcassets */ = {isa = PBXFileReference; lastKnownFileType = folder.assetcatalog; path = "Preview Assets.xcassets"; sourceTree = "<group>"; };
		5D31CBB72E2BE03E007699A8 /* FuzzerMainBridge.c */ = {isa = PBXFileReference; lastKnownFileType = sourcecode.c.c; path = FuzzerMainBridge.c; sourceTree = "<group>"; };
		5D31CBB92E2BE15A007699A8 /* AppDelegate.swift */ = {isa = PBXFileReference; lastKnownFileType = sourcecode.swift; path = AppDelegate.swift; sourceTree = "<group>"; };
		5D31CBBB2E2BE188007699A8 /* SandboxFuzzer-Bridging-Header.h */ = {isa = PBXFileReference; lastKnownFileType = sourcecode.c.h; path = "SandboxFuzzer-Bridging-Header.h"; sourceTree = "<group>"; };
		5D77DE3F2E2C3510000C6058 /* libclang_rt.fuzzer_ios.a */ = {isa = PBXFileReference; lastKnownFileType = archive.ar; path = libclang_rt.fuzzer_ios.a; sourceTree = "<group>"; };
		5D77DE412E2C3556000C6058 /* common.c */ = {isa = PBXFileReference; lastKnownFileType = sourcecode.c.c; path = common.c; sourceTree = "<group>"; };
		5D77DE432E2C357A000C6058 /* harness_imtranscoder.c */ = {isa = PBXFileReference; lastKnownFileType = sourcecode.c.c; path = harness_imtranscoder.c; sourceTree = "<group>"; };
		5D77DE452E2C3593000C6058 /* harness_airplay_rtsp.c */ = {isa = PBXFileReference; lastKnownFileType = sourcecode.c.c; path = harness_airplay_rtsp.c; sourceTree = "<group>"; };
		5D77DE472E2C35A7000C6058 /* harness_appstored.c */ = {isa = PBXFileReference; lastKnownFileType = sourcecode.c.c; path = harness_appstored.c; sourceTree = "<group>"; };
		5D77DE4B2E2C4DEB000C6058 /* AtomicCounter.swift */ = {isa = PBXFileReference; lastKnownFileType = sourcecode.swift; path = AtomicCounter.swift; sourceTree = "<group>"; };
		5D77DE522E2C8129000C6058 /* SanitizerStubs.c */ = {isa = PBXFileReference; lastKnownFileType = sourcecode.c.c; path = SanitizerStubs.c; sourceTree = "<group>"; };
		5D77DE552E2C81D3000C6058 /* common.h */ = {isa = PBXFileReference; lastKnownFileType = sourcecode.c.h; path = common.h; sourceTree = "<group>"; };
		5D77DE562E2C82AA000C6058 /* atomicBridge.c */ = {isa = PBXFileReference; lastKnownFileType = sourcecode.c.c; path = atomicBridge.c; sourceTree = "<group>"; };
		5D77DE592E2C84AE000C6058 /* HarnessWrapper.c */ = {isa = PBXFileReference; lastKnownFileType = sourcecode.c.c; path = HarnessWrapper.c; sourceTree = "<group>"; };
		5D77DE5B2E2C8816000C6058 /* ImageIO.framework */ = {isa = PBXFileReference; lastKnownFileType = wrapper.framework; name = ImageIO.framework; path = System/Library/Frameworks/ImageIO.framework; sourceTree = SDKROOT; };
		5D77DE8D2E2CDD26000C6058 /* FuzzerHarness.c */ = {isa = PBXFileReference; fileEncoding = 4; lastKnownFileType = sourcecode.c.c; path = FuzzerHarness.c; sourceTree = "<group>"; };
		5D77DE912E2CDF79000C6058 /* CoreFoundation.framework */ = {isa = PBXFileReference; lastKnownFileType = wrapper.framework; name = CoreFoundation.framework; path = System/Library/Frameworks/CoreFoundation.framework; sourceTree = SDKROOT; };
		5D77DE9B2E2CECCB000C6058 /* common.h */ = {isa = PBXFileReference; lastKnownFileType = sourcecode.c.h; path = common.h; sourceTree = "<group>"; };
		5D77DE9D2E2CEFA8000C6058 /* PathHelper.h */ = {isa = PBXFileReference; lastKnownFileType = sourcecode.c.h; path = PathHelper.h; sourceTree = "<group>"; };
		5D77DEA02E2CEFFE000C6058 /* PathHelper.m */ = {isa = PBXFileReference; lastKnownFileType = sourcecode.c.objc; path = PathHelper.m; sourceTree = "<group>"; };
		5D7B7B1B2E2D553F000AD92D /* Info.plist */ = {isa = PBXFileReference; fileEncoding = 4; lastKnownFileType = text.plist.xml; path = Info.plist; sourceTree = "<group>"; };
		5DB5B1262E2D5D57003CDCF3 /* corpus */ = {isa = PBXFileReference; lastKnownFileType = folder; path = corpus; sourceTree = "<group>"; };
		5DB5B1282E2D7708003CDCF3 /* FuzzerEngine.swift */ = {isa = PBXFileReference; lastKnownFileType = sourcecode.swift; path = FuzzerEngine.swift; sourceTree = "<group>"; };
/* End PBXFileReference section */

/* Begin PBXFrameworksBuildPhase section */
		5D31BF8A2E2BD6F1007699A8 /* Frameworks */ = {
			isa = PBXFrameworksBuildPhase;
			buildActionMask = 2147483647;
			files = (
				5D77DE922E2CDF79000C6058 /* CoreFoundation.framework in Frameworks */,
				5D77DE5C2E2C8816000C6058 /* ImageIO.framework in Frameworks */,
			);
			runOnlyForDeploymentPostprocessing = 0;
		};
/* End PBXFrameworksBuildPhase section */

/* Begin PBXGroup section */
		5D31BF842E2BD6F1007699A8 = {
			isa = PBXGroup;
			children = (
				5D31BF8F2E2BD6F1007699A8 /* SandboxFuzzer */,
				5D31BF8E2E2BD6F1007699A8 /* Products */,
				5D31CBBD2E2BE508007699A8 /* Frameworks */,
			);
			sourceTree = "<group>";
		};
		5D31BF8E2E2BD6F1007699A8 /* Products */ = {
			isa = PBXGroup;
			children = (
				5D31BF8D2E2BD6F1007699A8 /* SandboxFuzzer.app */,
			);
			name = Products;
			sourceTree = "<group>";
		};
		5D31BF8F2E2BD6F1007699A8 /* SandboxFuzzer */ = {
			isa = PBXGroup;
			children = (
				5DB5B1262E2D5D57003CDCF3 /* corpus */,
				5D7B7B1B2E2D553F000AD92D /* Info.plist */,
				5D77DE8D2E2CDD26000C6058 /* FuzzerHarness.c */,
				5D77DE592E2C84AE000C6058 /* HarnessWrapper.c */,
				5D77DE3F2E2C3510000C6058 /* libclang_rt.fuzzer_ios.a */,
				5D77DE3C2E2C339D000C6058 /* Harnesses */,
				5D77DE3B2E2C3381000C6058 /* Bridge */,
				5D31BF902E2BD6F1007699A8 /* SandboxFuzzerApp.swift */,
				5D31BF922E2BD6F1007699A8 /* ContentView.swift */,
				5D31BF942E2BD6F3007699A8 /* Assets.xcassets */,
				5D31BF962E2BD6F3007699A8 /* Preview Content */,
				5D31CBB92E2BE15A007699A8 /* AppDelegate.swift */,
				5D31CBBB2E2BE188007699A8 /* SandboxFuzzer-Bridging-Header.h */,
				5D77DE4B2E2C4DEB000C6058 /* AtomicCounter.swift */,
				5D77DE522E2C8129000C6058 /* SanitizerStubs.c */,
				5D77DE552E2C81D3000C6058 /* common.h */,
				5D77DE562E2C82AA000C6058 /* atomicBridge.c */,
				5DB5B1282E2D7708003CDCF3 /* FuzzerEngine.swift */,
			);
			path = SandboxFuzzer;
			sourceTree = "<group>";
		};
		5D31BF962E2BD6F3007699A8 /* Preview Content */ = {
			isa = PBXGroup;
			children = (
				5D31BF972E2BD6F3007699A8 /* Preview Assets.xcassets */,
			);
			path = "Preview Content";
			sourceTree = "<group>";
		};
		5D31CBBD2E2BE508007699A8 /* Frameworks */ = {
			isa = PBXGroup;
			children = (
				5D77DE912E2CDF79000C6058 /* CoreFoundation.framework */,
				5D77DE5B2E2C8816000C6058 /* ImageIO.framework */,
			);
			name = Frameworks;
			sourceTree = "<group>";
		};
		5D77DE3B2E2C3381000C6058 /* Bridge */ = {
			isa = PBXGroup;
			children = (
				5D31CBB72E2BE03E007699A8 /* FuzzerMainBridge.c */,
				5D77DE9D2E2CEFA8000C6058 /* PathHelper.h */,
				5D77DEA02E2CEFFE000C6058 /* PathHelper.m */,
			);
			path = Bridge;
			sourceTree = "<group>";
		};
		5D77DE3C2E2C339D000C6058 /* Harnesses */ = {
			isa = PBXGroup;
			children = (
				5D77DE412E2C3556000C6058 /* common.c */,
				5D77DE432E2C357A000C6058 /* harness_imtranscoder.c */,
				5D77DE452E2C3593000C6058 /* harness_airplay_rtsp.c */,
				5D77DE472E2C35A7000C6058 /* harness_appstored.c */,
				5D77DE9B2E2CECCB000C6058 /* common.h */,
			);
			path = Harnesses;
			sourceTree = "<group>";
		};
/* End PBXGroup section */

/* Begin PBXNativeTarget section */
		5D31BF8C2E2BD6F1007699A8 /* SandboxFuzzer */ = {
			isa = PBXNativeTarget;
			buildConfigurationList = 5D31BF9B2E2BD6F3007699A8 /* Build configuration list for PBXNativeTarget "SandboxFuzzer" */;
			buildPhases = (
				5D31BF892E2BD6F1007699A8 /* Sources */,
				5D31BF8A2E2BD6F1007699A8 /* Frameworks */,
				5D31BF8B2E2BD6F1007699A8 /* Resources */,
			);
			buildRules = (
			);
			dependencies = (
			);
			name = SandboxFuzzer;
			productName = SandboxFuzzer;
			productReference = 5D31BF8D2E2BD6F1007699A8 /* SandboxFuzzer.app */;
			productType = "com.apple.product-type.application";
		};
/* End PBXNativeTarget section */

/* Begin PBXProject section */
		5D31BF852E2BD6F1007699A8 /* Project object */ = {
			isa = PBXProject;
			attributes = {
				BuildIndependentTargetsInParallel = 1;
				LastSwiftUpdateCheck = 1530;
				LastUpgradeCheck = 1530;
				TargetAttributes = {
					5D31BF8C2E2BD6F1007699A8 = {
						CreatedOnToolsVersion = 15.3;
						LastSwiftMigration = 1530;
					};
				};
			};
			buildConfigurationList = 5D31BF882E2BD6F1007699A8 /* Build configuration list for PBXProject "SandboxFuzzer" */;
			compatibilityVersion = "Xcode 14.0";
			developmentRegion = en;
			hasScannedForEncodings = 0;
			knownRegions = (
				en,
				Base,
			);
			mainGroup = 5D31BF842E2BD6F1007699A8;
			productRefGroup = 5D31BF8E2E2BD6F1007699A8 /* Products */;
			projectDirPath = "";
			projectRoot = "";
			targets = (
				5D31BF8C2E2BD6F1007699A8 /* SandboxFuzzer */,
			);
		};
/* End PBXProject section */

/* Begin PBXResourcesBuildPhase section */
		5D31BF8B2E2BD6F1007699A8 /* Resources */ = {
			isa = PBXResourcesBuildPhase;
			buildActionMask = 2147483647;
			files = (
				5D31BF982E2BD6F3007699A8 /* Preview Assets.xcassets in Resources */,
				5DB5B1272E2D5D57003CDCF3 /* corpus in Resources */,
				5D31BF952E2BD6F3007699A8 /* Assets.xcassets in Resources */,
			);
			runOnlyForDeploymentPostprocessing = 0;
		};
/* End PBXResourcesBuildPhase section */

/* Begin PBXSourcesBuildPhase section */
		5D31BF892E2BD6F1007699A8 /* Sources */ = {
			isa = PBXSourcesBuildPhase;
			buildActionMask = 2147483647;
			files = (
				5D77DEA12E2CEFFE000C6058 /* PathHelper.m in Sources */,
				5D77DE9A2E2CEBBE000C6058 /* common.c in Sources */,
				5D77DE9C2E2CED38000C6058 /* harness_imtranscoder.c in Sources */,
				5DB5B1292E2D7708003CDCF3 /* FuzzerEngine.swift in Sources */,
				5D77DE992E2CEBB6000C6058 /* FuzzerMainBridge.c in Sources */,
			);
			runOnlyForDeploymentPostprocessing = 0;
		};
/* End PBXSourcesBuildPhase section */

/* Begin XCBuildConfiguration section */
		5D31BF992E2BD6F3007699A8 /* Debug */ = {
			isa = XCBuildConfiguration;
			buildSettings = {
				ALWAYS_SEARCH_USER_PATHS = NO;
				ASSETCATALOG_COMPILER_GENERATE_SWIFT_ASSET_SYMBOL_EXTENSIONS = YES;
				CLANG_ANALYZER_NONNULL = YES;
				CLANG_ANALYZER_NUMBER_OBJECT_CONVERSION = YES_AGGRESSIVE;
				CLANG_CXX_LANGUAGE_STANDARD = "gnu++20";
				CLANG_ENABLE_MODULES = YES;
				CLANG_ENABLE_OBJC_ARC = YES;
				CLANG_ENABLE_OBJC_WEAK = YES;
				CLANG_WARN_BLOCK_CAPTURE_AUTORELEASING = YES;
				CLANG_WARN_BOOL_CONVERSION = YES;
				CLANG_WARN_COMMA = YES;
				CLANG_WARN_CONSTANT_CONVERSION = YES;
				CLANG_WARN_DEPRECATED_OBJC_IMPLEMENTATIONS = YES;
				CLANG_WARN_DIRECT_OBJC_ISA_USAGE = YES_ERROR;
				CLANG_WARN_DOCUMENTATION_COMMENTS = YES;
				CLANG_WARN_EMPTY_BODY = YES;
				CLANG_WARN_ENUM_CONVERSION = YES;
				CLANG_WARN_INFINITE_RECURSION = YES;
				CLANG_WARN_INT_CONVERSION = YES;
				CLANG_WARN_NON_LITERAL_NULL_CONVERSION = YES;
				CLANG_WARN_OBJC_IMPLICIT_RETAIN_SELF = YES;
				CLANG_WARN_OBJC_LITERAL_CONVERSION = YES;
				CLANG_WARN_OBJC_ROOT_CLASS = YES_ERROR;
				CLANG_WARN_QUOTED_INCLUDE_IN_FRAMEWORK_HEADER = YES;
				CLANG_WARN_RANGE_LOOP_ANALYSIS = YES;
				CLANG_WARN_STRICT_PROTOTYPES = YES;
				CLANG_WARN_SUSPICIOUS_MOVE = YES;
				CLANG_WARN_UNGUARDED_AVAILABILITY = YES_AGGRESSIVE;
				CLANG_WARN_UNREACHABLE_CODE = YES;
				CLANG_WARN__DUPLICATE_METHOD_MATCH = YES;
				COPY_PHASE_STRIP = NO;
				DEBUG_INFORMATION_FORMAT = dwarf;
				ENABLE_STRICT_OBJC_MSGSEND = YES;
				ENABLE_TESTABILITY = YES;
				ENABLE_USER_SCRIPT_SANDBOXING = YES;
				GCC_C_LANGUAGE_STANDARD = gnu17;
				GCC_DYNAMIC_NO_PIC = NO;
				GCC_NO_COMMON_BLOCKS = YES;
				GCC_OPTIMIZATION_LEVEL = 0;
				GCC_PREPROCESSOR_DEFINITIONS = (
					"DEBUG=1",
					"$(inherited)",
				);
				GCC_WARN_64_TO_32_BIT_CONVERSION = YES;
				GCC_WARN_ABOUT_RETURN_TYPE = YES_ERROR;
				GCC_WARN_UNDECLARED_SELECTOR = YES;
				GCC_WARN_UNINITIALIZED_AUTOS = YES_AGGRESSIVE;
				GCC_WARN_UNUSED_FUNCTION = YES;
				GCC_WARN_UNUSED_VARIABLE = YES;
				INFOPLIST_FILE = "";
				IPHONEOS_DEPLOYMENT_TARGET = 17.4;
				LOCALIZATION_PREFERS_STRING_CATALOGS = YES;
				MTL_ENABLE_DEBUG_INFO = INCLUDE_SOURCE;
				MTL_FAST_MATH = YES;
				ONLY_ACTIVE_ARCH = YES;
				SDKROOT = iphoneos;
				SWIFT_ACTIVE_COMPILATION_CONDITIONS = "DEBUG $(inherited)";
				SWIFT_OPTIMIZATION_LEVEL = "-Onone";
			};
			name = Debug;
		};
		5D31BF9A2E2BD6F3007699A8 /* Release */ = {
			isa = XCBuildConfiguration;
			buildSettings = {
				ALWAYS_SEARCH_USER_PATHS = NO;
				ASSETCATALOG_COMPILER_GENERATE_SWIFT_ASSET_SYMBOL_EXTENSIONS = YES;
				CLANG_ANALYZER_NONNULL = YES;
				CLANG_ANALYZER_NUMBER_OBJECT_CONVERSION = YES_AGGRESSIVE;
				CLANG_CXX_LANGUAGE_STANDARD = "gnu++20";
				CLANG_ENABLE_MODULES = YES;
				CLANG_ENABLE_OBJC_ARC = YES;
				CLANG_ENABLE_OBJC_WEAK = YES;
				CLANG_WARN_BLOCK_CAPTURE_AUTORELEASING = YES;
				CLANG_WARN_BOOL_CONVERSION = YES;
				CLANG_WARN_COMMA = YES;
				CLANG_WARN_CONSTANT_CONVERSION = YES;
				CLANG_WARN_DEPRECATED_OBJC_IMPLEMENTATIONS = YES;
				CLANG_WARN_DIRECT_OBJC_ISA_USAGE = YES_ERROR;
				CLANG_WARN_DOCUMENTATION_COMMENTS = YES;
				CLANG_WARN_EMPTY_BODY = YES;
				CLANG_WARN_ENUM_CONVERSION = YES;
				CLANG_WARN_INFINITE_RECURSION = YES;
				CLANG_WARN_INT_CONVERSION = YES;
				CLANG_WARN_NON_LITERAL_NULL_CONVERSION = YES;
				CLANG_WARN_OBJC_IMPLICIT_RETAIN_SELF = YES;
				CLANG_WARN_OBJC_LITERAL_CONVERSION = YES;
				CLANG_WARN_OBJC_ROOT_CLASS = YES_ERROR;
				CLANG_WARN_QUOTED_INCLUDE_IN_FRAMEWORK_HEADER = YES;
				CLANG_WARN_RANGE_LOOP_ANALYSIS = YES;
				CLANG_WARN_STRICT_PROTOTYPES = YES;
				CLANG_WARN_SUSPICIOUS_MOVE = YES;
				CLANG_WARN_UNGUARDED_AVAILABILITY = YES_AGGRESSIVE;
				CLANG_WARN_UNREACHABLE_CODE = YES;
				CLANG_WARN__DUPLICATE_METHOD_MATCH = YES;
				COPY_PHASE_STRIP = NO;
				DEBUG_INFORMATION_FORMAT = "dwarf-with-dsym";
				ENABLE_NS_ASSERTIONS = NO;
				ENABLE_STRICT_OBJC_MSGSEND = YES;
				ENABLE_USER_SCRIPT_SANDBOXING = YES;
				GCC_C_LANGUAGE_STANDARD = gnu17;
				GCC_NO_COMMON_BLOCKS = YES;
				GCC_WARN_64_TO_32_BIT_CONVERSION = YES;
				GCC_WARN_ABOUT_RETURN_TYPE = YES_ERROR;
				GCC_WARN_UNDECLARED_SELECTOR = YES;
				GCC_WARN_UNINITIALIZED_AUTOS = YES_AGGRESSIVE;
				GCC_WARN_UNUSED_FUNCTION = YES;
				GCC_WARN_UNUSED_VARIABLE = YES;
				INFOPLIST_FILE = "";
				IPHONEOS_DEPLOYMENT_TARGET = 17.4;
				LOCALIZATION_PREFERS_STRING_CATALOGS = YES;
				MTL_ENABLE_DEBUG_INFO = NO;
				MTL_FAST_MATH = YES;
				SDKROOT = iphoneos;
				SWIFT_COMPILATION_MODE = wholemodule;
				VALIDATE_PRODUCT = YES;
			};
			name = Release;
		};
		5D31BF9C2E2BD6F3007699A8 /* Debug */ = {
			isa = XCBuildConfiguration;
			buildSettings = {
				ASSETCATALOG_COMPILER_APPICON_NAME = AppIcon;
				ASSETCATALOG_COMPILER_GLOBAL_ACCENT_COLOR_NAME = AccentColor;
				CLANG_ADDRESS_SANITIZER_CONTAINER_OVERFLOW = YES;
				CLANG_CXX_LANGUAGE_STANDARD = "c++23";
				CLANG_ENABLE_MODULES = YES;
				CODE_SIGN_STYLE = Automatic;
				CURRENT_PROJECT_VERSION = 1;
				DEVELOPMENT_ASSET_PATHS = "\"SandboxFuzzer/Preview Content\"";
				DEVELOPMENT_TEAM = SQ2U2TBZQG;
				ENABLE_BITCODE = NO;
				ENABLE_PREVIEWS = YES;
				GENERATE_INFOPLIST_FILE = YES;
				HEADER_SEARCH_PATHS = (
					"$(PROJECT_DIR)/SandboxFuzzer/Bridge",
					"$(PROJECT_DIR)/SandboxFuzzer/HarnessWrapper.c",
				);
				INFOPLIST_FILE = "$(SRCROOT)/SandboxFuzzer/Info.plist";
				INFOPLIST_KEY_UIApplicationSceneManifest_Generation = YES;
				INFOPLIST_KEY_UIApplicationSupportsIndirectInputEvents = YES;
				INFOPLIST_KEY_UILaunchScreen_Generation = YES;
				INFOPLIST_KEY_UISupportedInterfaceOrientations_iPad = "UIInterfaceOrientationPortrait UIInterfaceOrientationPortraitUpsideDown UIInterfaceOrientationLandscapeLeft UIInterfaceOrientationLandscapeRight";
				INFOPLIST_KEY_UISupportedInterfaceOrientations_iPhone = "UIInterfaceOrientationPortrait UIInterfaceOrientationLandscapeLeft UIInterfaceOrientationLandscapeRight";
				LD_RUNPATH_SEARCH_PATHS = (
					"$(inherited)",
					"@executable_path/Frameworks",
				);
				LIBRARY_SEARCH_PATHS = "$(PROJECT_DIR)/SandboxFuzzer";
				MARKETING_VERSION = 1.0;
				OTHER_CFLAGS = "-fsanitize=fuzzer";
				OTHER_LDFLAGS = (
					"\"${PROJECT_DIR}/SandboxFuzzer/libclang_rt.fuzzer_ios.a\"",
					"-lc++",
					"-ObjC",
				);
				PRODUCT_BUNDLE_IDENTIFIER = com.dragon.SandboxFuzzer;
				PRODUCT_NAME = "$(TARGET_NAME)";
				SWIFT_EMIT_LOC_STRINGS = YES;
				SWIFT_OBJC_BRIDGING_HEADER = "SandboxFuzzer/SandboxFuzzer-Bridging-Header.h";
				SWIFT_OPTIMIZATION_LEVEL = "-Onone";
				SWIFT_VERSION = 5.0;
				TARGETED_DEVICE_FAMILY = "1,2";
			};
			name = Debug;
		};
		5D31BF9D2E2BD6F3007699A8 /* Release */ = {
			isa = XCBuildConfiguration;
			buildSettings = {
				ASSETCATALOG_COMPILER_APPICON_NAME = AppIcon;
				ASSETCATALOG_COMPILER_GLOBAL_ACCENT_COLOR_NAME = AccentColor;
				CLANG_ADDRESS_SANITIZER_CONTAINER_OVERFLOW = YES;
				CLANG_CXX_LANGUAGE_STANDARD = "c++23";
				CLANG_ENABLE_MODULES = YES;
				CODE_SIGN_STYLE = Automatic;
				CURRENT_PROJECT_VERSION = 1;
				DEVELOPMENT_ASSET_PATHS = "\"SandboxFuzzer/Preview Content\"";
				DEVELOPMENT_TEAM = SQ2U2TBZQG;
				ENABLE_BITCODE = NO;
				ENABLE_PREVIEWS = YES;
				GENERATE_INFOPLIST_FILE = YES;
				HEADER_SEARCH_PATHS = (
					"$(PROJECT_DIR)/SandboxFuzzer/Bridge",
					"$(PROJECT_DIR)/SandboxFuzzer/HarnessWrapper.c",
				);
				INFOPLIST_FILE = "$(SRCROOT)/SandboxFuzzer/Info.plist";
				INFOPLIST_KEY_UIApplicationSceneManifest_Generation = YES;
				INFOPLIST_KEY_UIApplicationSupportsIndirectInputEvents = YES;
				INFOPLIST_KEY_UILaunchScreen_Generation = YES;
				INFOPLIST_KEY_UISupportedInterfaceOrientations_iPad = "UIInterfaceOrientationPortrait UIInterfaceOrientationPortraitUpsideDown UIInterfaceOrientationLandscapeLeft UIInterfaceOrientationLandscapeRight";
				INFOPLIST_KEY_UISupportedInterfaceOrientations_iPhone = "UIInterfaceOrientationPortrait UIInterfaceOrientationLandscapeLeft UIInterfaceOrientationLandscapeRight";
				LD_RUNPATH_SEARCH_PATHS = (
					"$(inherited)",
					"@executable_path/Frameworks",
				);
				LIBRARY_SEARCH_PATHS = "$(PROJECT_DIR)/SandboxFuzzer";
				MARKETING_VERSION = 1.0;
				OTHER_CFLAGS = "-fsanitize=fuzzer";
				OTHER_LDFLAGS = (
					"\"${PROJECT_DIR}/SandboxFuzzer/libclang_rt.fuzzer_ios.a\"",
					"-lc++",
					"-ObjC",
				);
				PRODUCT_BUNDLE_IDENTIFIER = com.dragon.SandboxFuzzer;
				PRODUCT_NAME = "$(TARGET_NAME)";
				SWIFT_EMIT_LOC_STRINGS = YES;
				SWIFT_OBJC_BRIDGING_HEADER = "SandboxFuzzer/SandboxFuzzer-Bridging-Header.h";
				SWIFT_VERSION = 5.0;
				TARGETED_DEVICE_FAMILY = "1,2";
			};
			name = Release;
		};
/* End XCBuildConfiguration section */

/* Begin XCConfigurationList section */
		5D31BF882E2BD6F1007699A8 /* Build configuration list for PBXProject "SandboxFuzzer" */ = {
			isa = XCConfigurationList;
			buildConfigurations = (
				5D31BF992E2BD6F3007699A8 /* Debug */,
				5D31BF9A2E2BD6F3007699A8 /* Release */,
			);
			defaultConfigurationIsVisible = 0;
			defaultConfigurationName = Release;
		};
		5D31BF9B2E2BD6F3007699A8 /* Build configuration list for PBXNativeTarget "SandboxFuzzer" */ = {
			isa = XCConfigurationList;
			buildConfigurations = (
				5D31BF9C2E2BD6F3007699A8 /* Debug */,
				5D31BF9D2E2BD6F3007699A8 /* Release */,
			);
			defaultConfigurationIsVisible = 0;
			defaultConfigurationName = Release;
		};
/* End XCConfigurationList section */
	};
	rootObject = 5D31BF852E2BD6F1007699A8 /* Project object */;
}
